
Microsoft Visual Studio Solution File, Format Version 12.00
Project("{FAE04EC0-301F-11D3-BF4B-00C04F79EFBC}") = "fco_database", "fco_database\fco_database.csproj", "{7A84AB70-B7CC-47B5-A127-97D8E56F6656}"
EndProject
Global
	GlobalSection(SolutionConfigurationPlatforms) = preSolution
		Debug|Any CPU = Debug|Any CPU
		Release|Any CPU = Release|Any CPU
	EndGlobalSection
	GlobalSection(ProjectConfigurationPlatforms) = postSolution
		{7A84AB70-B7CC-47B5-A127-97D8E56F6656}.Debug|Any CPU.ActiveCfg = Debug|Any CPU
		{7A84AB70-B7CC-47B5-A127-97D8E56F6656}.Debug|Any CPU.Build.0 = Debug|Any CPU
		{7A84AB70-B7CC-47B5-A127-97D8E56F6656}.Release|Any CPU.ActiveCfg = Release|Any CPU
		{7A84AB70-B7CC-47B5-A127-97D8E56F6656}.Release|Any CPU.Build.0 = Release|Any CPU
	EndGlobalSection
EndGlobal
